# THIS IS AN AUTOGENERATED FILE. DO NOT EDIT THIS FILE DIRECTLY.
# yarn lockfile v1


fp-ts@^2.1.2:
  version "2.1.2"
  resolved "https://registry.yarnpkg.com/fp-ts/-/fp-ts-2.1.2.tgz#6acab50af1ac5044ebd6e6c38d83e3b5905a7982"
  integrity sha512-oOZ/gc+lxTSfKRk6vnAAie2HQTWMH7yhaIM0+gW8fAi4JAiPT/OmEpW5ps3VuapPGNqnZ++4p56hv3PEd1qUFg==
